
Microsoft Visual Studio Solution File, Format Version 12.00
# Visual Studio Version 17
VisualStudioVersion = 17.6.33815.320
MinimumVisualStudioVersion = 10.0.40219.1
Project("{9A19103F-16F7-4668-BE54-9A1E7A4F7556}") = "LevvaCoinsDDD.API", "LevvaCoinsDDD.API\LevvaCoinsDDD.API.csproj", "{84B55104-310C-47D0-B62B-F3052B7D805B}"
EndProject
Project("{9A19103F-16F7-4668-BE54-9A1E7A4F7556}") = "LevvaCoinsDDD.Application", "LevvaCoinsDDD.Application\LevvaCoinsDDD.Application.csproj", "{7B944996-2E72-4E68-BBB7-EE8396908B55}"
EndProject
Project("{9A19103F-16F7-4668-BE54-9A1E7A4F7556}") = "LevvaCoinsDDD.Domain", "LevvaCoinsDDD.Domain\LevvaCoinsDDD.Domain.csproj", "{DD9EE155-125B-448E-9CBF-E8FA91140916}"
EndProject
Project("{9A19103F-16F7-4668-BE54-9A1E7A4F7556}") = "LevvaCoinsDDD.Infra.Data", "LevvaCoinsDDD.Infra.Data\LevvaCoinsDDD.Infra.Data.csproj", "{E367C6CA-6778-44DE-8A10-3294AF50308B}"
EndProject
Project("{9A19103F-16F7-4668-BE54-9A1E7A4F7556}") = "LevvaCoinsDDD.Infra.IoC", "LevvaCoinsDDD.Infra.IoC\LevvaCoinsDDD.Infra.IoC.csproj", "{64CB7C4F-025A-463B-9614-5B64081D3BC4}"
EndProject
Project("{2150E333-8FDC-42A3-9474-1A3956D46DE8}") = "src", "src", "{48A7B873-15FE-4472-9233-F8414BBE7843}"
EndProject
Project("{2150E333-8FDC-42A3-9474-1A3956D46DE8}") = "tests", "tests", "{52CBCF58-9B35-435A-BDA3-6FFA51631884}"
EndProject
Project("{FAE04EC0-301F-11D3-BF4B-00C04F79EFBC}") = "LevvaCoinsDDD.Tests", "LevvaCoinsDDD.Tests\LevvaCoinsDDD.Tests.csproj", "{338A72A6-76F1-4AD3-AC93-A0B4B60792FC}"
EndProject
Global
	GlobalSection(SolutionConfigurationPlatforms) = preSolution
		Debug|Any CPU = Debug|Any CPU
		Release|Any CPU = Release|Any CPU
	EndGlobalSection
	GlobalSection(ProjectConfigurationPlatforms) = postSolution
		{84B55104-310C-47D0-B62B-F3052B7D805B}.Debug|Any CPU.ActiveCfg = Debug|Any CPU
		{84B55104-310C-47D0-B62B-F3052B7D805B}.Debug|Any CPU.Build.0 = Debug|Any CPU
		{84B55104-310C-47D0-B62B-F3052B7D805B}.Release|Any CPU.ActiveCfg = Release|Any CPU
		{84B55104-310C-47D0-B62B-F3052B7D805B}.Release|Any CPU.Build.0 = Release|Any CPU
		{7B944996-2E72-4E68-BBB7-EE8396908B55}.Debug|Any CPU.ActiveCfg = Debug|Any CPU
		{7B944996-2E72-4E68-BBB7-EE8396908B55}.Debug|Any CPU.Build.0 = Debug|Any CPU
		{7B944996-2E72-4E68-BBB7-EE8396908B55}.Release|Any CPU.ActiveCfg = Release|Any CPU
		{7B944996-2E72-4E68-BBB7-EE8396908B55}.Release|Any CPU.Build.0 = Release|Any CPU
		{DD9EE155-125B-448E-9CBF-E8FA91140916}.Debug|Any CPU.ActiveCfg = Debug|Any CPU
		{DD9EE155-125B-448E-9CBF-E8FA91140916}.Debug|Any CPU.Build.0 = Debug|Any CPU
		{DD9EE155-125B-448E-9CBF-E8FA91140916}.Release|Any CPU.ActiveCfg = Release|Any CPU
		{DD9EE155-125B-448E-9CBF-E8FA91140916}.Release|Any CPU.Build.0 = Release|Any CPU
		{E367C6CA-6778-44DE-8A10-3294AF50308B}.Debug|Any CPU.ActiveCfg = Debug|Any CPU
		{E367C6CA-6778-44DE-8A10-3294AF50308B}.Debug|Any CPU.Build.0 = Debug|Any CPU
		{E367C6CA-6778-44DE-8A10-3294AF50308B}.Release|Any CPU.ActiveCfg = Release|Any CPU
		{E367C6CA-6778-44DE-8A10-3294AF50308B}.Release|Any CPU.Build.0 = Release|Any CPU
		{64CB7C4F-025A-463B-9614-5B64081D3BC4}.Debug|Any CPU.ActiveCfg = Debug|Any CPU
		{64CB7C4F-025A-463B-9614-5B64081D3BC4}.Debug|Any CPU.Build.0 = Debug|Any CPU
		{64CB7C4F-025A-463B-9614-5B64081D3BC4}.Release|Any CPU.ActiveCfg = Release|Any CPU
		{64CB7C4F-025A-463B-9614-5B64081D3BC4}.Release|Any CPU.Build.0 = Release|Any CPU
		{338A72A6-76F1-4AD3-AC93-A0B4B60792FC}.Debug|Any CPU.ActiveCfg = Debug|Any CPU
		{338A72A6-76F1-4AD3-AC93-A0B4B60792FC}.Debug|Any CPU.Build.0 = Debug|Any CPU
		{338A72A6-76F1-4AD3-AC93-A0B4B60792FC}.Release|Any CPU.ActiveCfg = Release|Any CPU
		{338A72A6-76F1-4AD3-AC93-A0B4B60792FC}.Release|Any CPU.Build.0 = Release|Any CPU
	EndGlobalSection
	GlobalSection(SolutionProperties) = preSolution
		HideSolutionNode = FALSE
	EndGlobalSection
	GlobalSection(NestedProjects) = preSolution
		{84B55104-310C-47D0-B62B-F3052B7D805B} = {48A7B873-15FE-4472-9233-F8414BBE7843}
		{7B944996-2E72-4E68-BBB7-EE8396908B55} = {48A7B873-15FE-4472-9233-F8414BBE7843}
		{DD9EE155-125B-448E-9CBF-E8FA91140916} = {48A7B873-15FE-4472-9233-F8414BBE7843}
		{E367C6CA-6778-44DE-8A10-3294AF50308B} = {48A7B873-15FE-4472-9233-F8414BBE7843}
		{64CB7C4F-025A-463B-9614-5B64081D3BC4} = {48A7B873-15FE-4472-9233-F8414BBE7843}
		{338A72A6-76F1-4AD3-AC93-A0B4B60792FC} = {52CBCF58-9B35-435A-BDA3-6FFA51631884}
	EndGlobalSection
	GlobalSection(ExtensibilityGlobals) = postSolution
		SolutionGuid = {943CE029-E0E1-4A77-9B0C-AB35457179BB}
	EndGlobalSection
EndGlobal
